// !$*UTF8*$!
{
	archiveVersion = 1;
	classes = {
	};
	objectVersion = 77;
	objects = {

/* Begin PBXBuildFile section */
		2EC4D23150167ADE2517CC18 /* LaunchAtLogin.swift in Sources */ = {isa = PBXBuildFile; fileRef = A9DB985B69C63B455A06CD07 /* LaunchAtLogin.swift */; };
		47A446B2F4605C63C771E13C /* QRDesktopApp.swift in Sources */ = {isa = PBXBuildFile; fileRef = DFFD59833ABDCCBD549F02C0 /* QRDesktopApp.swift */; };
		50FEC93AB4143F8E51B8D567 /* PeekHotKey.swift in Sources */ = {isa = PBXBuildFile; fileRef = EC7A207C794CC63251BCC31F /* PeekHotKey.swift */; };
		5ABC13032A184E091A9DF994 /* ReferenceListView.swift in Sources */ = {isa = PBXBuildFile; fileRef = AC66595E2992DDDF6F88C793 /* ReferenceListView.swift */; };
		65E282B49F044D1468C0E463 /* ReferenceBoard.swift in Sources */ = {isa = PBXBuildFile; fileRef = 288BE6AE7CC5DB74E683F4EE /* ReferenceBoard.swift */; };
		7E1DA995B0C676B137028ABC /* CGSSpaces.swift in Sources */ = {isa = PBXBuildFile; fileRef = 44C6E54A758457534A5F05D6 /* CGSSpaces.swift */; };
		89DF3F334D46929AD8CE0A63 /* ReferenceLibrary.swift in Sources */ = {isa = PBXBuildFile; fileRef = 548062D6A93484780DDA8EA0 /* ReferenceLibrary.swift */; };
		CDE053A270A17A4E1988B43A /* PeekOverlay.swift in Sources */ = {isa = PBXBuildFile; fileRef = BFD914272D0EC3FAB807D3D6 /* PeekOverlay.swift */; };
/* End PBXBuildFile section */

/* Begin PBXFileReference section */
		288BE6AE7CC5DB74E683F4EE /* ReferenceBoard.swift */ = {isa = PBXFileReference; lastKnownFileType = sourcecode.swift; path = ReferenceBoard.swift; sourceTree = "<group>"; };
		44C6E54A758457534A5F05D6 /* CGSSpaces.swift */ = {isa = PBXFileReference; lastKnownFileType = sourcecode.swift; path = CGSSpaces.swift; sourceTree = "<group>"; };
		548062D6A93484780DDA8EA0 /* ReferenceLibrary.swift */ = {isa = PBXFileReference; lastKnownFileType = sourcecode.swift; path = ReferenceLibrary.swift; sourceTree = "<group>"; };
		9F2467B906C9B87E66EB5050 /* QRDesktop.app */ = {isa = PBXFileReference; explicitFileType = wrapper.application; includeInIndex = 0; path = QRDesktop.app; sourceTree = BUILT_PRODUCTS_DIR; };
		A9DB985B69C63B455A06CD07 /* LaunchAtLogin.swift */ = {isa = PBXFileReference; lastKnownFileType = sourcecode.swift; path = LaunchAtLogin.swift; sourceTree = "<group>"; };
		AC66595E2992DDDF6F88C793 /* ReferenceListView.swift */ = {isa = PBXFileReference; lastKnownFileType = sourcecode.swift; path = ReferenceListView.swift; sourceTree = "<group>"; };
		BFD914272D0EC3FAB807D3D6 /* PeekOverlay.swift */ = {isa = PBXFileReference; lastKnownFileType = sourcecode.swift; path = PeekOverlay.swift; sourceTree = "<group>"; };
		DFFD59833ABDCCBD549F02C0 /* QRDesktopApp.swift */ = {isa = PBXFileReference; lastKnownFileType = sourcecode.swift; path = QRDesktopApp.swift; sourceTree = "<group>"; };
		EBEF48EEEBB02EC5E0F75088 /* Info.plist */ = {isa = PBXFileReference; lastKnownFileType = text.plist; path = Info.plist; sourceTree = "<group>"; };
		EC7A207C794CC63251BCC31F /* PeekHotKey.swift */ = {isa = PBXFileReference; lastKnownFileType = sourcecode.swift; path = PeekHotKey.swift; sourceTree = "<group>"; };
/* End PBXFileReference section */

/* Begin PBXGroup section */
		19B364A5B1FFC5326CC1E36A /* QRDesktop */ = {
			isa = PBXGroup;
			children = (
				44C6E54A758457534A5F05D6 /* CGSSpaces.swift */,
				EBEF48EEEBB02EC5E0F75088 /* Info.plist */,
				A9DB985B69C63B455A06CD07 /* LaunchAtLogin.swift */,
				EC7A207C794CC63251BCC31F /* PeekHotKey.swift */,
				BFD914272D0EC3FAB807D3D6 /* PeekOverlay.swift */,
				DFFD59833ABDCCBD549F02C0 /* QRDesktopApp.swift */,
				288BE6AE7CC5DB74E683F4EE /* ReferenceBoard.swift */,
				548062D6A93484780DDA8EA0 /* ReferenceLibrary.swift */,
				AC66595E2992DDDF6F88C793 /* ReferenceListView.swift */,
			);
			path = QRDesktop;
			sourceTree = "<group>";
		};
		AF6A84E30AF7259E7E1974E5 = {
			isa = PBXGroup;
			children = (
				19B364A5B1FFC5326CC1E36A /* QRDesktop */,
				C6A18098A099A6FA4054F2C5 /* Products */,
			);
			sourceTree = "<group>";
		};
		C6A18098A099A6FA4054F2C5 /* Products */ = {
			isa = PBXGroup;
			children = (
				9F2467B906C9B87E66EB5050 /* QRDesktop.app */,
			);
			name = Products;
			sourceTree = "<group>";
		};
/* End PBXGroup section */

/* Begin PBXNativeTarget section */
		2A59E0951CDAA62C2BF9E17F /* QRDesktop */ = {
			isa = PBXNativeTarget;
			buildConfigurationList = 9A21E6D318A1638C415E1D92 /* Build configuration list for PBXNativeTarget "QRDesktop" */;
			buildPhases = (
				83FC8B8218C6CAD6772A9239 /* Sources */,
			);
			buildRules = (
			);
			dependencies = (
			);
			name = QRDesktop;
			packageProductDependencies = (
			);
			productName = QRDesktop;
			productReference = 9F2467B906C9B87E66EB5050 /* QRDesktop.app */;
			productType = "com.apple.product-type.application";
		};
/* End PBXNativeTarget section */

/* Begin PBXProject section */
		4122CEEB79B6107C11A0B785 /* Project object */ = {
			isa = PBXProject;
			attributes = {
				BuildIndependentTargetsInParallel = YES;
				LastUpgradeCheck = 1430;
				TargetAttributes = {
					2A59E0951CDAA62C2BF9E17F = {
						ProvisioningStyle = Automatic;
					};
				};
			};
			buildConfigurationList = 5CA48DE07B8FFC0955DC493C /* Build configuration list for PBXProject "QRDesktop" */;
			developmentRegion = en;
			hasScannedForEncodings = 0;
			knownRegions = (
				Base,
				en,
			);
			mainGroup = AF6A84E30AF7259E7E1974E5;
			minimizedProjectReferenceProxies = 1;
			preferredProjectObjectVersion = 77;
			productRefGroup = C6A18098A099A6FA4054F2C5 /* Products */;
			projectDirPath = "";
			projectRoot = "";
			targets = (
				2A59E0951CDAA62C2BF9E17F /* QRDesktop */,
			);
		};
/* End PBXProject section */

/* Begin PBXSourcesBuildPhase section */
		83FC8B8218C6CAD6772A9239 /* Sources */ = {
			isa = PBXSourcesBuildPhase;
			buildActionMask = 2147483647;
			files = (
				7E1DA995B0C676B137028ABC /* CGSSpaces.swift in Sources */,
				2EC4D23150167ADE2517CC18 /* LaunchAtLogin.swift in Sources */,
				50FEC93AB4143F8E51B8D567 /* PeekHotKey.swift in Sources */,
				CDE053A270A17A4E1988B43A /* PeekOverlay.swift in Sources */,
				47A446B2F4605C63C771E13C /* QRDesktopApp.swift in Sources */,
				65E282B49F044D1468C0E463 /* ReferenceBoard.swift in Sources */,
				89DF3F334D46929AD8CE0A63 /* ReferenceLibrary.swift in Sources */,
				5ABC13032A184E091A9DF994 /* ReferenceListView.swift in Sources */,
			);
			runOnlyForDeploymentPostprocessing = 0;
		};
/* End PBXSourcesBuildPhase section */

/* Begin XCBuildConfiguration section */
		13E95860C3A3D7176B9FEF2A /* Release */ = {
			isa = XCBuildConfiguration;
			buildSettings = {
				ALWAYS_SEARCH_USER_PATHS = NO;
				CLANG_ANALYZER_NONNULL = YES;
				CLANG_ANALYZER_NUMBER_OBJECT_CONVERSION = YES_AGGRESSIVE;
				CLANG_CXX_LANGUAGE_STANDARD = "gnu++14";
				CLANG_CXX_LIBRARY = "libc++";
				CLANG_ENABLE_MODULES = YES;
				CLANG_ENABLE_OBJC_ARC = YES;
				CLANG_ENABLE_OBJC_WEAK = YES;
				CLANG_WARN_BLOCK_CAPTURE_AUTORELEASING = YES;
				CLANG_WARN_BOOL_CONVERSION = YES;
				CLANG_WARN_COMMA = YES;
				CLANG_WARN_CONSTANT_CONVERSION = YES;
				CLANG_WARN_DEPRECATED_OBJC_IMPLEMENTATIONS = YES;
				CLANG_WARN_DIRECT_OBJC_ISA_USAGE = YES_ERROR;
				CLANG_WARN_DOCUMENTATION_COMMENTS = YES;
				CLANG_WARN_EMPTY_BODY = YES;
				CLANG_WARN_ENUM_CONVERSION = YES;
				CLANG_WARN_INFINITE_RECURSION = YES;
				CLANG_WARN_INT_CONVERSION = YES;
				CLANG_WARN_NON_LITERAL_NULL_CONVERSION = YES;
				CLANG_WARN_OBJC_IMPLICIT_RETAIN_SELF = YES;
				CLANG_WARN_OBJC_LITERAL_CONVERSION = YES;
				CLANG_WARN_OBJC_ROOT_CLASS = YES_ERROR;
				CLANG_WARN_QUOTED_INCLUDE_IN_FRAMEWORK_HEADER = YES;
				CLANG_WARN_RANGE_LOOP_ANALYSIS = YES;
				CLANG_WARN_STRICT_PROTOTYPES = YES;
				CLANG_WARN_SUSPICIOUS_MOVE = YES;
				CLANG_WARN_UNGUARDED_AVAILABILITY = YES_AGGRESSIVE;
				CLANG_WARN_UNREACHABLE_CODE = YES;
				CLANG_WARN__DUPLICATE_METHOD_MATCH = YES;
				COPY_PHASE_STRIP = NO;
				DEBUG_INFORMATION_FORMAT = "dwarf-with-dsym";
				ENABLE_NS_ASSERTIONS = NO;
				ENABLE_STRICT_OBJC_MSGSEND = YES;
				GCC_C_LANGUAGE_STANDARD = gnu11;
				GCC_NO_COMMON_BLOCKS = YES;
				GCC_WARN_64_TO_32_BIT_CONVERSION = YES;
				GCC_WARN_ABOUT_RETURN_TYPE = YES_ERROR;
				GCC_WARN_UNDECLARED_SELECTOR = YES;
				GCC_WARN_UNINITIALIZED_AUTOS = YES_AGGRESSIVE;
				GCC_WARN_UNUSED_FUNCTION = YES;
				GCC_WARN_UNUSED_VARIABLE = YES;
				MACOSX_DEPLOYMENT_TARGET = 14.0;
				MTL_ENABLE_DEBUG_INFO = NO;
				MTL_FAST_MATH = YES;
				PRODUCT_NAME = "$(TARGET_NAME)";
				SDKROOT = macosx;
				SWIFT_COMPILATION_MODE = wholemodule;
				SWIFT_OPTIMIZATION_LEVEL = "-O";
				SWIFT_VERSION = 5.0;
			};
			name = Release;
		};
		33D646A86E95F91883A253C3 /* Debug */ = {
			isa = XCBuildConfiguration;
			buildSettings = {
				ASSETCATALOG_COMPILER_APPICON_NAME = AppIcon;
				CODE_SIGN_STYLE = Automatic;
				COMBINE_HIDPI_IMAGES = YES;
				CURRENT_PROJECT_VERSION = 1;
				DEVELOPMENT_ASSET_PATHS = "";
				ENABLE_APP_SANDBOX = NO;
				INFOPLIST_FILE = QRDesktop/Info.plist;
				LD_RUNPATH_SEARCH_PATHS = (
					"$(inherited)",
					"@executable_path/../Frameworks",
				);
				MARKETING_VERSION = 0.1.0;
				PRODUCT_BUNDLE_IDENTIFIER = net.perlguy.QRDesktop;
				PRODUCT_NAME = "QR Desktop";
				SDKROOT = macosx;
			};
			name = Debug;
		};
		6FADBA656E3F19480A66D683 /* Release */ = {
			isa = XCBuildConfiguration;
			buildSettings = {
				ASSETCATALOG_COMPILER_APPICON_NAME = AppIcon;
				CODE_SIGN_STYLE = Automatic;
				COMBINE_HIDPI_IMAGES = YES;
				CURRENT_PROJECT_VERSION = 1;
				DEVELOPMENT_ASSET_PATHS = "";
				ENABLE_APP_SANDBOX = NO;
				INFOPLIST_FILE = QRDesktop/Info.plist;
				LD_RUNPATH_SEARCH_PATHS = (
					"$(inherited)",
					"@executable_path/../Frameworks",
				);
				MARKETING_VERSION = 0.1.0;
				PRODUCT_BUNDLE_IDENTIFIER = net.perlguy.QRDesktop;
				PRODUCT_NAME = "QR Desktop";
				SDKROOT = macosx;
			};
			name = Release;
		};
		E031210CB9DCD8855F5B9311 /* Debug */ = {
			isa = XCBuildConfiguration;
			buildSettings = {
				ALWAYS_SEARCH_USER_PATHS = NO;
				CLANG_ANALYZER_NONNULL = YES;
				CLANG_ANALYZER_NUMBER_OBJECT_CONVERSION = YES_AGGRESSIVE;
				CLANG_CXX_LANGUAGE_STANDARD = "gnu++14";
				CLANG_CXX_LIBRARY = "libc++";
				CLANG_ENABLE_MODULES = YES;
				CLANG_ENABLE_OBJC_ARC = YES;
				CLANG_ENABLE_OBJC_WEAK = YES;
				CLANG_WARN_BLOCK_CAPTURE_AUTORELEASING = YES;
				CLANG_WARN_BOOL_CONVERSION = YES;
				CLANG_WARN_COMMA = YES;
				CLANG_WARN_CONSTANT_CONVERSION = YES;
				CLANG_WARN_DEPRECATED_OBJC_IMPLEMENTATIONS = YES;
				CLANG_WARN_DIRECT_OBJC_ISA_USAGE = YES_ERROR;
				CLANG_WARN_DOCUMENTATION_COMMENTS = YES;
				CLANG_WARN_EMPTY_BODY = YES;
				CLANG_WARN_ENUM_CONVERSION = YES;
				CLANG_WARN_INFINITE_RECURSION = YES;
				CLANG_WARN_INT_CONVERSION = YES;
				CLANG_WARN_NON_LITERAL_NULL_CONVERSION = YES;
				CLANG_WARN_OBJC_IMPLICIT_RETAIN_SELF = YES;
				CLANG_WARN_OBJC_LITERAL_CONVERSION = YES;
				CLANG_WARN_OBJC_ROOT_CLASS = YES_ERROR;
				CLANG_WARN_QUOTED_INCLUDE_IN_FRAMEWORK_HEADER = YES;
				CLANG_WARN_RANGE_LOOP_ANALYSIS = YES;
				CLANG_WARN_STRICT_PROTOTYPES = YES;
				CLANG_WARN_SUSPICIOUS_MOVE = YES;
				CLANG_WARN_UNGUARDED_AVAILABILITY = YES_AGGRESSIVE;
				CLANG_WARN_UNREACHABLE_CODE = YES;
				CLANG_WARN__DUPLICATE_METHOD_MATCH = YES;
				COPY_PHASE_STRIP = NO;
				DEBUG_INFORMATION_FORMAT = dwarf;
				ENABLE_STRICT_OBJC_MSGSEND = YES;
				ENABLE_TESTABILITY = YES;
				GCC_C_LANGUAGE_STANDARD = gnu11;
				GCC_DYNAMIC_NO_PIC = NO;
				GCC_NO_COMMON_BLOCKS = YES;
				GCC_OPTIMIZATION_LEVEL = 0;
				GCC_PREPROCESSOR_DEFINITIONS = (
					"$(inherited)",
					"DEBUG=1",
				);
				GCC_WARN_64_TO_32_BIT_CONVERSION = YES;
				GCC_WARN_ABOUT_RETURN_TYPE = YES_ERROR;
				GCC_WARN_UNDECLARED_SELECTOR = YES;
				GCC_WARN_UNINITIALIZED_AUTOS = YES_AGGRESSIVE;
				GCC_WARN_UNUSED_FUNCTION = YES;
				GCC_WARN_UNUSED_VARIABLE = YES;
				MACOSX_DEPLOYMENT_TARGET = 14.0;
				MTL_ENABLE_DEBUG_INFO = INCLUDE_SOURCE;
				MTL_FAST_MATH = YES;
				ONLY_ACTIVE_ARCH = YES;
				PRODUCT_NAME = "$(TARGET_NAME)";
				SDKROOT = macosx;
				SWIFT_ACTIVE_COMPILATION_CONDITIONS = DEBUG;
				SWIFT_OPTIMIZATION_LEVEL = "-Onone";
				SWIFT_VERSION = 5.0;
			};
			name = Debug;
		};
/* End XCBuildConfiguration section */

/* Begin XCConfigurationList section */
		5CA48DE07B8FFC0955DC493C /* Build configuration list for PBXProject "QRDesktop" */ = {
			isa = XCConfigurationList;
			buildConfigurations = (
				E031210CB9DCD8855F5B9311 /* Debug */,
				13E95860C3A3D7176B9FEF2A /* Release */,
			);
			defaultConfigurationIsVisible = 0;
			defaultConfigurationName = Debug;
		};
		9A21E6D318A1638C415E1D92 /* Build configuration list for PBXNativeTarget "QRDesktop" */ = {
			isa = XCConfigurationList;
			buildConfigurations = (
				33D646A86E95F91883A253C3 /* Debug */,
				6FADBA656E3F19480A66D683 /* Release */,
			);
			defaultConfigurationIsVisible = 0;
			defaultConfigurationName = Debug;
		};
/* End XCConfigurationList section */
	};
	rootObject = 4122CEEB79B6107C11A0B785 /* Project object */;
}
